
Microsoft Visual Studio Solution File, Format Version 12.00
# Visual Studio Version 17
VisualStudioVersion = 17.0.32014.148
MinimumVisualStudioVersion = 10.0.40219.1
Project("{FAE04EC0-301F-11D3-BF4B-00C04F79EFBC}") = "RevitAPITExportToNWC", "RevitAPITExportToNWC\RevitAPITExportToNWC.csproj", "{713D3B85-354F-441D-A1DA-9FBE35750F20}"
EndProject
Global
	GlobalSection(SolutionConfigurationPlatforms) = preSolution
		Debug|Any CPU = Debug|Any CPU
		Release|Any CPU = Release|Any CPU
	EndGlobalSection
	GlobalSection(ProjectConfigurationPlatforms) = postSolution
		{713D3B85-354F-441D-A1DA-9FBE35750F20}.Debug|Any CPU.ActiveCfg = Debug|Any CPU
		{713D3B85-354F-441D-A1DA-9FBE35750F20}.Debug|Any CPU.Build.0 = Debug|Any CPU
		{713D3B85-354F-441D-A1DA-9FBE35750F20}.Release|Any CPU.ActiveCfg = Release|Any CPU
		{713D3B85-354F-441D-A1DA-9FBE35750F20}.Release|Any CPU.Build.0 = Release|Any CPU
	EndGlobalSection
	GlobalSection(SolutionProperties) = preSolution
		HideSolutionNode = FALSE
	EndGlobalSection
	GlobalSection(ExtensibilityGlobals) = postSolution
		SolutionGuid = {8C0977A4-EA26-40F4-BBD2-41C180F6AE73}
	EndGlobalSection
EndGlobal
