
Microsoft Visual Studio Solution File, Format Version 12.00
# Visual Studio Version 17
VisualStudioVersion = 17.1.32228.430
MinimumVisualStudioVersion = 10.0.40219.1
Project("{FAE04EC0-301F-11D3-BF4B-00C04F79EFBC}") = "RevitAPICreateElementsAtEqualDistances", "RevitAPICreateElementsAtEqualDistances\RevitAPICreateElementsAtEqualDistances.csproj", "{CBA5AD5C-4003-4F8F-AB6B-EEDA3BCDAAC2}"
EndProject
Project("{FAE04EC0-301F-11D3-BF4B-00C04F79EFBC}") = "RevitAPITrainingLibrary", "..\RevitAPITrainingLibrary\RevitAPITrainingLibrary\RevitAPITrainingLibrary.csproj", "{84354415-AA3F-458B-9B6E-52F577AC4CA5}"
EndProject
Global
	GlobalSection(SolutionConfigurationPlatforms) = preSolution
		Debug|Any CPU = Debug|Any CPU
		Release|Any CPU = Release|Any CPU
	EndGlobalSection
	GlobalSection(ProjectConfigurationPlatforms) = postSolution
		{CBA5AD5C-4003-4F8F-AB6B-EEDA3BCDAAC2}.Debug|Any CPU.ActiveCfg = Debug|Any CPU
		{CBA5AD5C-4003-4F8F-AB6B-EEDA3BCDAAC2}.Debug|Any CPU.Build.0 = Debug|Any CPU
		{CBA5AD5C-4003-4F8F-AB6B-EEDA3BCDAAC2}.Release|Any CPU.ActiveCfg = Release|Any CPU
		{CBA5AD5C-4003-4F8F-AB6B-EEDA3BCDAAC2}.Release|Any CPU.Build.0 = Release|Any CPU
		{84354415-AA3F-458B-9B6E-52F577AC4CA5}.Debug|Any CPU.ActiveCfg = Debug|Any CPU
		{84354415-AA3F-458B-9B6E-52F577AC4CA5}.Debug|Any CPU.Build.0 = Debug|Any CPU
		{84354415-AA3F-458B-9B6E-52F577AC4CA5}.Release|Any CPU.ActiveCfg = Release|Any CPU
		{84354415-AA3F-458B-9B6E-52F577AC4CA5}.Release|Any CPU.Build.0 = Release|Any CPU
	EndGlobalSection
	GlobalSection(SolutionProperties) = preSolution
		HideSolutionNode = FALSE
	EndGlobalSection
	GlobalSection(ExtensibilityGlobals) = postSolution
		SolutionGuid = {B49B78FE-737F-4550-A12B-4E1725BABD8A}
	EndGlobalSection
EndGlobal
